
Microsoft Visual Studio Solution File, Format Version 12.00
# Visual Studio 15
VisualStudioVersion = 15.0.27703.2035
MinimumVisualStudioVersion = 10.0.40219.1
Project("{FAE04EC0-301F-11D3-BF4B-00C04F79EFBC}") = "Set5Problem2_CSharp", "Set5Problem2_CSharp\Set5Problem2_CSharp.csproj", "{78767130-B4E8-4843-95EE-48E6F7DC4904}"
EndProject
Project("{FAE04EC0-301F-11D3-BF4B-00C04F79EFBC}") = "Southeros.Test", "Southeros.Test\Southeros.Test.csproj", "{EC5D9F15-3B06-4025-98E1-5600A5B31567}"
EndProject
Global
	GlobalSection(SolutionConfigurationPlatforms) = preSolution
		Debug|Any CPU = Debug|Any CPU
		Release|Any CPU = Release|Any CPU
	EndGlobalSection
	GlobalSection(ProjectConfigurationPlatforms) = postSolution
		{78767130-B4E8-4843-95EE-48E6F7DC4904}.Debug|Any CPU.ActiveCfg = Debug|Any CPU
		{78767130-B4E8-4843-95EE-48E6F7DC4904}.Debug|Any CPU.Build.0 = Debug|Any CPU
		{78767130-B4E8-4843-95EE-48E6F7DC4904}.Release|Any CPU.ActiveCfg = Release|Any CPU
		{78767130-B4E8-4843-95EE-48E6F7DC4904}.Release|Any CPU.Build.0 = Release|Any CPU
		{EC5D9F15-3B06-4025-98E1-5600A5B31567}.Debug|Any CPU.ActiveCfg = Debug|Any CPU
		{EC5D9F15-3B06-4025-98E1-5600A5B31567}.Debug|Any CPU.Build.0 = Debug|Any CPU
		{EC5D9F15-3B06-4025-98E1-5600A5B31567}.Release|Any CPU.ActiveCfg = Release|Any CPU
		{EC5D9F15-3B06-4025-98E1-5600A5B31567}.Release|Any CPU.Build.0 = Release|Any CPU
	EndGlobalSection
	GlobalSection(SolutionProperties) = preSolution
		HideSolutionNode = FALSE
	EndGlobalSection
	GlobalSection(ExtensibilityGlobals) = postSolution
		SolutionGuid = {0E7DC7CC-9CA9-4A92-A038-11F2B8F1A269}
	EndGlobalSection
EndGlobal
